dependencies:
  polka: 0.5.2
lockfileVersion: 5.2
packages:
  /@arr/every/1.0.1:
    dev: false
    engines:
      node: '>=4'
    resolution:
      integrity: sha512-UQFQ6SgyJ6LX42W8rHCs8KVc0JS0tzVL9ct4XYedJukskYVWTo49tNiMEK9C2HTyarbNiT/RVIRSY82vH+6sTg==
  /@polka/url/0.5.0:
    dev: false
    resolution:
      integrity: sha512-oZLYFEAzUKyi3SKnXvj32ZCEGH6RDnao7COuCVhDydMS9NrCSVXhM79VaKyP5+Zc33m0QXEd2DN3UkU7OsHcfw==
  /matchit/1.1.0:
    dependencies:
      '@arr/every': 1.0.1
    dev: false
    engines:
      node: '>=6'
    resolution:
      integrity: sha512-+nGYoOlfHmxe5BW5tE0EMJppXEwdSf8uBA1GTZC7Q77kbT35+VKLYJMzVNWCHSsga1ps1tPYFtFyvxvKzWVmMA==
  /polka/0.5.2:
    dependencies:
      '@polka/url': 0.5.0
      trouter: 2.0.1
    dev: false
    resolution:
      integrity: sha512-FVg3vDmCqP80tOrs+OeNlgXYmFppTXdjD5E7I4ET1NjvtNmQrb1/mJibybKkb/d4NA7YWAr1ojxuhpL3FHqdlw==
  /trouter/2.0.1:
    dependencies:
      matchit: 1.1.0
    dev: false
    engines:
      node: '>=6'
    resolution:
      integrity: sha512-kr8SKKw94OI+xTGOkfsvwZQ8mWoikZDd2n8XZHjJVZUARZT+4/VV6cacRS6CLsH9bNm+HFIPU1Zx4CnNnb4qlQ==
specifiers:
  polka: ^0.5.2
